
Microsoft Visual Studio Solution File, Format Version 12.00
# Visual Studio Version 16
VisualStudioVersion = 16.0.28729.10
MinimumVisualStudioVersion = 10.0.40219.1
Project("{FAE04EC0-301F-11D3-BF4B-00C04F79EFBC}") = "Slutprojekt", "Slutprojekt\Slutprojekt.csproj", "{7BA52403-5345-448E-ABE1-6D2609820EB9}"
EndProject
Global
	GlobalSection(SolutionConfigurationPlatforms) = preSolution
		Debug|Any CPU = Debug|Any CPU
		Release|Any CPU = Release|Any CPU
	EndGlobalSection
	GlobalSection(ProjectConfigurationPlatforms) = postSolution
		{7BA52403-5345-448E-ABE1-6D2609820EB9}.Debug|Any CPU.ActiveCfg = Debug|Any CPU
		{7BA52403-5345-448E-ABE1-6D2609820EB9}.Debug|Any CPU.Build.0 = Debug|Any CPU
		{7BA52403-5345-448E-ABE1-6D2609820EB9}.Release|Any CPU.ActiveCfg = Release|Any CPU
		{7BA52403-5345-448E-ABE1-6D2609820EB9}.Release|Any CPU.Build.0 = Release|Any CPU
	EndGlobalSection
	GlobalSection(SolutionProperties) = preSolution
		HideSolutionNode = FALSE
	EndGlobalSection
	GlobalSection(ExtensibilityGlobals) = postSolution
		SolutionGuid = {FFD1CE6F-9347-483F-A771-842C4CF7507A}
	EndGlobalSection
EndGlobal
